
Microsoft Visual Studio Solution File, Format Version 12.00
# Visual Studio 15
VisualStudioVersion = 15.0.27130.2003
MinimumVisualStudioVersion = 10.0.40219.1
Project("{FAE04EC0-301F-11D3-BF4B-00C04F79EFBC}") = "ExtractorSharp", "ExtractorSharp\ExtractorSharp.csproj", "{37D3351F-80F8-4905-A06F-65C430EC5EE2}"
EndProject
Project("{FAE04EC0-301F-11D3-BF4B-00C04F79EFBC}") = "ExtractorSharp.Loose", "ExtractorSharp.Loose\ExtractorSharp.Loose.csproj", "{06D35140-706A-40CE-9373-6B948F092A30}"
EndProject
Project("{FAE04EC0-301F-11D3-BF4B-00C04F79EFBC}") = "ExtractorSharp.Install", "ExtractorSharp.Install\ExtractorSharp.Install.csproj", "{56B182EF-36A7-4A45-ADC9-212DCEB615EA}"
EndProject
Project("{FAE04EC0-301F-11D3-BF4B-00C04F79EFBC}") = "ExtractorSharp.Loose.Viewer", "ExtractorSharp.Loose.Viewer\ExtractorSharp.Loose.Viewer.csproj", "{6CD9A8BE-BB87-43E1-81BF-9526F5F54A90}"
EndProject
Project("{FAE04EC0-301F-11D3-BF4B-00C04F79EFBC}") = "ExtractorSharp.Brushes", "ExtractorSharp.Brushes\ExtractorSharp.Brushes.csproj", "{04E653A6-1C41-4769-A52C-ADBECF99D71B}"
EndProject
Project("{FAE04EC0-301F-11D3-BF4B-00C04F79EFBC}") = "ExtractorSharp.Avatar", "ExtractorSharp.Avatar\ExtractorSharp.Avatar.csproj", "{00B2BA4E-1D4C-4AD8-AD1E-257F8AB7F79F}"
EndProject
Project("{FAE04EC0-301F-11D3-BF4B-00C04F79EFBC}") = "ExtractorSharp.Host", "ExtractorSharp.Host\ExtractorSharp.Host.csproj", "{EC2AAD0D-C25E-4D75-89C4-928CB2702F02}"
EndProject
Global
	GlobalSection(SolutionConfigurationPlatforms) = preSolution
		Debug|Any CPU = Debug|Any CPU
		Debug|ARM = Debug|ARM
		Debug|x64 = Debug|x64
		Debug|x86 = Debug|x86
		Release|Any CPU = Release|Any CPU
		Release|ARM = Release|ARM
		Release|x64 = Release|x64
		Release|x86 = Release|x86
	EndGlobalSection
	GlobalSection(ProjectConfigurationPlatforms) = postSolution
		{37D3351F-80F8-4905-A06F-65C430EC5EE2}.Debug|Any CPU.ActiveCfg = Debug|Any CPU
		{37D3351F-80F8-4905-A06F-65C430EC5EE2}.Debug|Any CPU.Build.0 = Debug|Any CPU
		{37D3351F-80F8-4905-A06F-65C430EC5EE2}.Debug|ARM.ActiveCfg = Debug|Any CPU
		{37D3351F-80F8-4905-A06F-65C430EC5EE2}.Debug|ARM.Build.0 = Debug|Any CPU
		{37D3351F-80F8-4905-A06F-65C430EC5EE2}.Debug|x64.ActiveCfg = Debug|Any CPU
		{37D3351F-80F8-4905-A06F-65C430EC5EE2}.Debug|x64.Build.0 = Debug|Any CPU
		{37D3351F-80F8-4905-A06F-65C430EC5EE2}.Debug|x86.ActiveCfg = Debug|Any CPU
		{37D3351F-80F8-4905-A06F-65C430EC5EE2}.Debug|x86.Build.0 = Debug|Any CPU
		{37D3351F-80F8-4905-A06F-65C430EC5EE2}.Release|Any CPU.ActiveCfg = Release|Any CPU
		{37D3351F-80F8-4905-A06F-65C430EC5EE2}.Release|Any CPU.Build.0 = Release|Any CPU
		{37D3351F-80F8-4905-A06F-65C430EC5EE2}.Release|ARM.ActiveCfg = Release|Any CPU
		{37D3351F-80F8-4905-A06F-65C430EC5EE2}.Release|ARM.Build.0 = Release|Any CPU
		{37D3351F-80F8-4905-A06F-65C430EC5EE2}.Release|x64.ActiveCfg = Release|Any CPU
		{37D3351F-80F8-4905-A06F-65C430EC5EE2}.Release|x64.Build.0 = Release|Any CPU
		{37D3351F-80F8-4905-A06F-65C430EC5EE2}.Release|x86.ActiveCfg = Release|Any CPU
		{37D3351F-80F8-4905-A06F-65C430EC5EE2}.Release|x86.Build.0 = Release|Any CPU
		{06D35140-706A-40CE-9373-6B948F092A30}.Debug|Any CPU.ActiveCfg = Debug|Any CPU
		{06D35140-706A-40CE-9373-6B948F092A30}.Debug|Any CPU.Build.0 = Debug|Any CPU
		{06D35140-706A-40CE-9373-6B948F092A30}.Debug|ARM.ActiveCfg = Debug|Any CPU
		{06D35140-706A-40CE-9373-6B948F092A30}.Debug|ARM.Build.0 = Debug|Any CPU
		{06D35140-706A-40CE-9373-6B948F092A30}.Debug|x64.ActiveCfg = Debug|Any CPU
		{06D35140-706A-40CE-9373-6B948F092A30}.Debug|x64.Build.0 = Debug|Any CPU
		{06D35140-706A-40CE-9373-6B948F092A30}.Debug|x86.ActiveCfg = Debug|Any CPU
		{06D35140-706A-40CE-9373-6B948F092A30}.Debug|x86.Build.0 = Debug|Any CPU
		{06D35140-706A-40CE-9373-6B948F092A30}.Release|Any CPU.ActiveCfg = Release|Any CPU
		{06D35140-706A-40CE-9373-6B948F092A30}.Release|Any CPU.Build.0 = Release|Any CPU
		{06D35140-706A-40CE-9373-6B948F092A30}.Release|ARM.ActiveCfg = Release|Any CPU
		{06D35140-706A-40CE-9373-6B948F092A30}.Release|ARM.Build.0 = Release|Any CPU
		{06D35140-706A-40CE-9373-6B948F092A30}.Release|x64.ActiveCfg = Release|Any CPU
		{06D35140-706A-40CE-9373-6B948F092A30}.Release|x64.Build.0 = Release|Any CPU
		{06D35140-706A-40CE-9373-6B948F092A30}.Release|x86.ActiveCfg = Release|Any CPU
		{06D35140-706A-40CE-9373-6B948F092A30}.Release|x86.Build.0 = Release|Any CPU
		{56B182EF-36A7-4A45-ADC9-212DCEB615EA}.Debug|Any CPU.ActiveCfg = Debug|Any CPU
		{56B182EF-36A7-4A45-ADC9-212DCEB615EA}.Debug|Any CPU.Build.0 = Debug|Any CPU
		{56B182EF-36A7-4A45-ADC9-212DCEB615EA}.Debug|ARM.ActiveCfg = Debug|Any CPU
		{56B182EF-36A7-4A45-ADC9-212DCEB615EA}.Debug|ARM.Build.0 = Debug|Any CPU
		{56B182EF-36A7-4A45-ADC9-212DCEB615EA}.Debug|x64.ActiveCfg = Debug|Any CPU
		{56B182EF-36A7-4A45-ADC9-212DCEB615EA}.Debug|x64.Build.0 = Debug|Any CPU
		{56B182EF-36A7-4A45-ADC9-212DCEB615EA}.Debug|x86.ActiveCfg = Debug|Any CPU
		{56B182EF-36A7-4A45-ADC9-212DCEB615EA}.Debug|x86.Build.0 = Debug|Any CPU
		{56B182EF-36A7-4A45-ADC9-212DCEB615EA}.Release|Any CPU.ActiveCfg = Release|Any CPU
		{56B182EF-36A7-4A45-ADC9-212DCEB615EA}.Release|Any CPU.Build.0 = Release|Any CPU
		{56B182EF-36A7-4A45-ADC9-212DCEB615EA}.Release|ARM.ActiveCfg = Release|Any CPU
		{56B182EF-36A7-4A45-ADC9-212DCEB615EA}.Release|ARM.Build.0 = Release|Any CPU
		{56B182EF-36A7-4A45-ADC9-212DCEB615EA}.Release|x64.ActiveCfg = Release|Any CPU
		{56B182EF-36A7-4A45-ADC9-212DCEB615EA}.Release|x64.Build.0 = Release|Any CPU
		{56B182EF-36A7-4A45-ADC9-212DCEB615EA}.Release|x86.ActiveCfg = Release|Any CPU
		{56B182EF-36A7-4A45-ADC9-212DCEB615EA}.Release|x86.Build.0 = Release|Any CPU
		{6CD9A8BE-BB87-43E1-81BF-9526F5F54A90}.Debug|Any CPU.ActiveCfg = Debug|Any CPU
		{6CD9A8BE-BB87-43E1-81BF-9526F5F54A90}.Debug|Any CPU.Build.0 = Debug|Any CPU
		{6CD9A8BE-BB87-43E1-81BF-9526F5F54A90}.Debug|ARM.ActiveCfg = Debug|Any CPU
		{6CD9A8BE-BB87-43E1-81BF-9526F5F54A90}.Debug|ARM.Build.0 = Debug|Any CPU
		{6CD9A8BE-BB87-43E1-81BF-9526F5F54A90}.Debug|x64.ActiveCfg = Debug|Any CPU
		{6CD9A8BE-BB87-43E1-81BF-9526F5F54A90}.Debug|x64.Build.0 = Debug|Any CPU
		{6CD9A8BE-BB87-43E1-81BF-9526F5F54A90}.Debug|x86.ActiveCfg = Debug|Any CPU
		{6CD9A8BE-BB87-43E1-81BF-9526F5F54A90}.Debug|x86.Build.0 = Debug|Any CPU
		{6CD9A8BE-BB87-43E1-81BF-9526F5F54A90}.Release|Any CPU.ActiveCfg = Release|Any CPU
		{6CD9A8BE-BB87-43E1-81BF-9526F5F54A90}.Release|Any CPU.Build.0 = Release|Any CPU
		{6CD9A8BE-BB87-43E1-81BF-9526F5F54A90}.Release|ARM.ActiveCfg = Release|Any CPU
		{6CD9A8BE-BB87-43E1-81BF-9526F5F54A90}.Release|ARM.Build.0 = Release|Any CPU
		{6CD9A8BE-BB87-43E1-81BF-9526F5F54A90}.Release|x64.ActiveCfg = Release|Any CPU
		{6CD9A8BE-BB87-43E1-81BF-9526F5F54A90}.Release|x64.Build.0 = Release|Any CPU
		{6CD9A8BE-BB87-43E1-81BF-9526F5F54A90}.Release|x86.ActiveCfg = Release|Any CPU
		{6CD9A8BE-BB87-43E1-81BF-9526F5F54A90}.Release|x86.Build.0 = Release|Any CPU
		{04E653A6-1C41-4769-A52C-ADBECF99D71B}.Debug|Any CPU.ActiveCfg = Debug|Any CPU
		{04E653A6-1C41-4769-A52C-ADBECF99D71B}.Debug|Any CPU.Build.0 = Debug|Any CPU
		{04E653A6-1C41-4769-A52C-ADBECF99D71B}.Debug|ARM.ActiveCfg = Debug|Any CPU
		{04E653A6-1C41-4769-A52C-ADBECF99D71B}.Debug|ARM.Build.0 = Debug|Any CPU
		{04E653A6-1C41-4769-A52C-ADBECF99D71B}.Debug|x64.ActiveCfg = Debug|Any CPU
		{04E653A6-1C41-4769-A52C-ADBECF99D71B}.Debug|x64.Build.0 = Debug|Any CPU
		{04E653A6-1C41-4769-A52C-ADBECF99D71B}.Debug|x86.ActiveCfg = Debug|Any CPU
		{04E653A6-1C41-4769-A52C-ADBECF99D71B}.Debug|x86.Build.0 = Debug|Any CPU
		{04E653A6-1C41-4769-A52C-ADBECF99D71B}.Release|Any CPU.ActiveCfg = Release|Any CPU
		{04E653A6-1C41-4769-A52C-ADBECF99D71B}.Release|Any CPU.Build.0 = Release|Any CPU
		{04E653A6-1C41-4769-A52C-ADBECF99D71B}.Release|ARM.ActiveCfg = Release|Any CPU
		{04E653A6-1C41-4769-A52C-ADBECF99D71B}.Release|ARM.Build.0 = Release|Any CPU
		{04E653A6-1C41-4769-A52C-ADBECF99D71B}.Release|x64.ActiveCfg = Release|Any CPU
		{04E653A6-1C41-4769-A52C-ADBECF99D71B}.Release|x64.Build.0 = Release|Any CPU
		{04E653A6-1C41-4769-A52C-ADBECF99D71B}.Release|x86.ActiveCfg = Release|Any CPU
		{04E653A6-1C41-4769-A52C-ADBECF99D71B}.Release|x86.Build.0 = Release|Any CPU
		{00B2BA4E-1D4C-4AD8-AD1E-257F8AB7F79F}.Debug|Any CPU.ActiveCfg = Debug|Any CPU
		{00B2BA4E-1D4C-4AD8-AD1E-257F8AB7F79F}.Debug|Any CPU.Build.0 = Debug|Any CPU
		{00B2BA4E-1D4C-4AD8-AD1E-257F8AB7F79F}.Debug|ARM.ActiveCfg = Debug|Any CPU
		{00B2BA4E-1D4C-4AD8-AD1E-257F8AB7F79F}.Debug|ARM.Build.0 = Debug|Any CPU
		{00B2BA4E-1D4C-4AD8-AD1E-257F8AB7F79F}.Debug|x64.ActiveCfg = Debug|Any CPU
		{00B2BA4E-1D4C-4AD8-AD1E-257F8AB7F79F}.Debug|x64.Build.0 = Debug|Any CPU
		{00B2BA4E-1D4C-4AD8-AD1E-257F8AB7F79F}.Debug|x86.ActiveCfg = Debug|Any CPU
		{00B2BA4E-1D4C-4AD8-AD1E-257F8AB7F79F}.Debug|x86.Build.0 = Debug|Any CPU
		{00B2BA4E-1D4C-4AD8-AD1E-257F8AB7F79F}.Release|Any CPU.ActiveCfg = Release|Any CPU
		{00B2BA4E-1D4C-4AD8-AD1E-257F8AB7F79F}.Release|Any CPU.Build.0 = Release|Any CPU
		{00B2BA4E-1D4C-4AD8-AD1E-257F8AB7F79F}.Release|ARM.ActiveCfg = Release|Any CPU
		{00B2BA4E-1D4C-4AD8-AD1E-257F8AB7F79F}.Release|ARM.Build.0 = Release|Any CPU
		{00B2BA4E-1D4C-4AD8-AD1E-257F8AB7F79F}.Release|x64.ActiveCfg = Release|Any CPU
		{00B2BA4E-1D4C-4AD8-AD1E-257F8AB7F79F}.Release|x64.Build.0 = Release|Any CPU
		{00B2BA4E-1D4C-4AD8-AD1E-257F8AB7F79F}.Release|x86.ActiveCfg = Release|Any CPU
		{00B2BA4E-1D4C-4AD8-AD1E-257F8AB7F79F}.Release|x86.Build.0 = Release|Any CPU
		{EC2AAD0D-C25E-4D75-89C4-928CB2702F02}.Debug|Any CPU.ActiveCfg = Debug|Any CPU
		{EC2AAD0D-C25E-4D75-89C4-928CB2702F02}.Debug|Any CPU.Build.0 = Debug|Any CPU
		{EC2AAD0D-C25E-4D75-89C4-928CB2702F02}.Debug|ARM.ActiveCfg = Debug|Any CPU
		{EC2AAD0D-C25E-4D75-89C4-928CB2702F02}.Debug|ARM.Build.0 = Debug|Any CPU
		{EC2AAD0D-C25E-4D75-89C4-928CB2702F02}.Debug|x64.ActiveCfg = Debug|Any CPU
		{EC2AAD0D-C25E-4D75-89C4-928CB2702F02}.Debug|x64.Build.0 = Debug|Any CPU
		{EC2AAD0D-C25E-4D75-89C4-928CB2702F02}.Debug|x86.ActiveCfg = Debug|Any CPU
		{EC2AAD0D-C25E-4D75-89C4-928CB2702F02}.Debug|x86.Build.0 = Debug|Any CPU
		{EC2AAD0D-C25E-4D75-89C4-928CB2702F02}.Release|Any CPU.ActiveCfg = Release|Any CPU
		{EC2AAD0D-C25E-4D75-89C4-928CB2702F02}.Release|Any CPU.Build.0 = Release|Any CPU
		{EC2AAD0D-C25E-4D75-89C4-928CB2702F02}.Release|ARM.ActiveCfg = Release|Any CPU
		{EC2AAD0D-C25E-4D75-89C4-928CB2702F02}.Release|ARM.Build.0 = Release|Any CPU
		{EC2AAD0D-C25E-4D75-89C4-928CB2702F02}.Release|x64.ActiveCfg = Release|Any CPU
		{EC2AAD0D-C25E-4D75-89C4-928CB2702F02}.Release|x64.Build.0 = Release|Any CPU
		{EC2AAD0D-C25E-4D75-89C4-928CB2702F02}.Release|x86.ActiveCfg = Release|Any CPU
		{EC2AAD0D-C25E-4D75-89C4-928CB2702F02}.Release|x86.Build.0 = Release|Any CPU
	EndGlobalSection
	GlobalSection(SolutionProperties) = preSolution
		HideSolutionNode = FALSE
	EndGlobalSection
	GlobalSection(ExtensibilityGlobals) = postSolution
		SolutionGuid = {BCBD6E9E-6744-43FD-A4BF-79CE55767E31}
	EndGlobalSection
EndGlobal
