Microsoft Visual Studio Solution File, Format Version 12.00
# Visual Studio Version 16
VisualStudioVersion = 16.0.30011.22
MinimumVisualStudioVersion = 10.0.40219.1
Project("{FAE04EC0-301F-11D3-BF4B-00C04F79EFBC}") = "ExtractorSharp", "ExtractorSharp\ExtractorSharp.csproj", "{37D3351F-80F8-4905-A06F-65C430EC5EE2}"
EndProject
Project("{FAE04EC0-301F-11D3-BF4B-00C04F79EFBC}") = "ExtractorSharp.Core", "ExtractorSharp.Core\ExtractorSharp.Core.csproj", "{09014DD5-3314-437E-BB2E-6FBD0D1E7864}"
EndProject
Project("{FAE04EC0-301F-11D3-BF4B-00C04F79EFBC}") = "ExtractorSharp.Component", "ExtractorSharp.Component\ExtractorSharp.Component.csproj", "{DCE898EE-8FCB-45AA-9A53-BFEED8ED7257}"
EndProject
Project("{FAE04EC0-301F-11D3-BF4B-00C04F79EFBC}") = "ExtractorSharp.Json", "ExtractorSharp.Json\ExtractorSharp.Json.csproj", "{06D35140-706A-40CE-9373-6B948F092A30}"
EndProject
Global
	GlobalSection(SolutionConfigurationPlatforms) = preSolution
		Debug|Any CPU = Debug|Any CPU
		Debug|ARM = Debug|ARM
		Debug|x64 = Debug|x64
		Debug|x86 = Debug|x86
		Release|Any CPU = Release|Any CPU
		Release|ARM = Release|ARM
		Release|x64 = Release|x64
		Release|x86 = Release|x86
	EndGlobalSection
	GlobalSection(ProjectConfigurationPlatforms) = postSolution
		{37D3351F-80F8-4905-A06F-65C430EC5EE2}.Debug|Any CPU.ActiveCfg = Debug|Any CPU
		{37D3351F-80F8-4905-A06F-65C430EC5EE2}.Debug|Any CPU.Build.0 = Debug|Any CPU
		{37D3351F-80F8-4905-A06F-65C430EC5EE2}.Debug|ARM.ActiveCfg = Debug|Any CPU
		{37D3351F-80F8-4905-A06F-65C430EC5EE2}.Debug|ARM.Build.0 = Debug|Any CPU
		{37D3351F-80F8-4905-A06F-65C430EC5EE2}.Debug|x64.ActiveCfg = Debug|Any CPU
		{37D3351F-80F8-4905-A06F-65C430EC5EE2}.Debug|x64.Build.0 = Debug|Any CPU
		{37D3351F-80F8-4905-A06F-65C430EC5EE2}.Debug|x86.ActiveCfg = Debug|Any CPU
		{37D3351F-80F8-4905-A06F-65C430EC5EE2}.Debug|x86.Build.0 = Debug|Any CPU
		{37D3351F-80F8-4905-A06F-65C430EC5EE2}.Release|Any CPU.ActiveCfg = Release|Any CPU
		{37D3351F-80F8-4905-A06F-65C430EC5EE2}.Release|Any CPU.Build.0 = Release|Any CPU
		{37D3351F-80F8-4905-A06F-65C430EC5EE2}.Release|ARM.ActiveCfg = Release|Any CPU
		{37D3351F-80F8-4905-A06F-65C430EC5EE2}.Release|ARM.Build.0 = Release|Any CPU
		{37D3351F-80F8-4905-A06F-65C430EC5EE2}.Release|x64.ActiveCfg = Release|Any CPU
		{37D3351F-80F8-4905-A06F-65C430EC5EE2}.Release|x64.Build.0 = Release|Any CPU
		{37D3351F-80F8-4905-A06F-65C430EC5EE2}.Release|x86.ActiveCfg = Release|Any CPU
		{37D3351F-80F8-4905-A06F-65C430EC5EE2}.Release|x86.Build.0 = Release|Any CPU
		{09014DD5-3314-437E-BB2E-6FBD0D1E7864}.Debug|Any CPU.ActiveCfg = Debug|Any CPU
		{09014DD5-3314-437E-BB2E-6FBD0D1E7864}.Debug|Any CPU.Build.0 = Debug|Any CPU
		{09014DD5-3314-437E-BB2E-6FBD0D1E7864}.Debug|ARM.ActiveCfg = Debug|Any CPU
		{09014DD5-3314-437E-BB2E-6FBD0D1E7864}.Debug|ARM.Build.0 = Debug|Any CPU
		{09014DD5-3314-437E-BB2E-6FBD0D1E7864}.Debug|x64.ActiveCfg = Debug|Any CPU
		{09014DD5-3314-437E-BB2E-6FBD0D1E7864}.Debug|x64.Build.0 = Debug|Any CPU
		{09014DD5-3314-437E-BB2E-6FBD0D1E7864}.Debug|x86.ActiveCfg = Debug|Any CPU
		{09014DD5-3314-437E-BB2E-6FBD0D1E7864}.Debug|x86.Build.0 = Debug|Any CPU
		{09014DD5-3314-437E-BB2E-6FBD0D1E7864}.Release|Any CPU.ActiveCfg = Release|Any CPU
		{09014DD5-3314-437E-BB2E-6FBD0D1E7864}.Release|Any CPU.Build.0 = Release|Any CPU
		{09014DD5-3314-437E-BB2E-6FBD0D1E7864}.Release|ARM.ActiveCfg = Release|Any CPU
		{09014DD5-3314-437E-BB2E-6FBD0D1E7864}.Release|ARM.Build.0 = Release|Any CPU
		{09014DD5-3314-437E-BB2E-6FBD0D1E7864}.Release|x64.ActiveCfg = Release|Any CPU
		{09014DD5-3314-437E-BB2E-6FBD0D1E7864}.Release|x64.Build.0 = Release|Any CPU
		{09014DD5-3314-437E-BB2E-6FBD0D1E7864}.Release|x86.ActiveCfg = Release|Any CPU
		{09014DD5-3314-437E-BB2E-6FBD0D1E7864}.Release|x86.Build.0 = Release|Any CPU
		{DCE898EE-8FCB-45AA-9A53-BFEED8ED7257}.Debug|Any CPU.ActiveCfg = Debug|Any CPU
		{DCE898EE-8FCB-45AA-9A53-BFEED8ED7257}.Debug|Any CPU.Build.0 = Debug|Any CPU
		{DCE898EE-8FCB-45AA-9A53-BFEED8ED7257}.Debug|ARM.ActiveCfg = Debug|Any CPU
		{DCE898EE-8FCB-45AA-9A53-BFEED8ED7257}.Debug|ARM.Build.0 = Debug|Any CPU
		{DCE898EE-8FCB-45AA-9A53-BFEED8ED7257}.Debug|x64.ActiveCfg = Debug|Any CPU
		{DCE898EE-8FCB-45AA-9A53-BFEED8ED7257}.Debug|x64.Build.0 = Debug|Any CPU
		{DCE898EE-8FCB-45AA-9A53-BFEED8ED7257}.Debug|x86.ActiveCfg = Debug|Any CPU
		{DCE898EE-8FCB-45AA-9A53-BFEED8ED7257}.Debug|x86.Build.0 = Debug|Any CPU
		{DCE898EE-8FCB-45AA-9A53-BFEED8ED7257}.Release|Any CPU.ActiveCfg = Release|Any CPU
		{DCE898EE-8FCB-45AA-9A53-BFEED8ED7257}.Release|Any CPU.Build.0 = Release|Any CPU
		{DCE898EE-8FCB-45AA-9A53-BFEED8ED7257}.Release|ARM.ActiveCfg = Release|Any CPU
		{DCE898EE-8FCB-45AA-9A53-BFEED8ED7257}.Release|ARM.Build.0 = Release|Any CPU
		{DCE898EE-8FCB-45AA-9A53-BFEED8ED7257}.Release|x64.ActiveCfg = Release|Any CPU
		{DCE898EE-8FCB-45AA-9A53-BFEED8ED7257}.Release|x64.Build.0 = Release|Any CPU
		{DCE898EE-8FCB-45AA-9A53-BFEED8ED7257}.Release|x86.ActiveCfg = Release|Any CPU
		{DCE898EE-8FCB-45AA-9A53-BFEED8ED7257}.Release|x86.Build.0 = Release|Any CPU
		{06D35140-706A-40CE-9373-6B948F092A30}.Debug|Any CPU.ActiveCfg = Debug|Any CPU
		{06D35140-706A-40CE-9373-6B948F092A30}.Debug|Any CPU.Build.0 = Debug|Any CPU
		{06D35140-706A-40CE-9373-6B948F092A30}.Debug|ARM.ActiveCfg = Debug|Any CPU
		{06D35140-706A-40CE-9373-6B948F092A30}.Debug|ARM.Build.0 = Debug|Any CPU
		{06D35140-706A-40CE-9373-6B948F092A30}.Debug|x64.ActiveCfg = Debug|Any CPU
		{06D35140-706A-40CE-9373-6B948F092A30}.Debug|x64.Build.0 = Debug|Any CPU
		{06D35140-706A-40CE-9373-6B948F092A30}.Debug|x86.ActiveCfg = Debug|Any CPU
		{06D35140-706A-40CE-9373-6B948F092A30}.Debug|x86.Build.0 = Debug|Any CPU
		{06D35140-706A-40CE-9373-6B948F092A30}.Release|Any CPU.ActiveCfg = Release|Any CPU
		{06D35140-706A-40CE-9373-6B948F092A30}.Release|Any CPU.Build.0 = Release|Any CPU
		{06D35140-706A-40CE-9373-6B948F092A30}.Release|ARM.ActiveCfg = Release|Any CPU
		{06D35140-706A-40CE-9373-6B948F092A30}.Release|ARM.Build.0 = Release|Any CPU
		{06D35140-706A-40CE-9373-6B948F092A30}.Release|x64.ActiveCfg = Release|Any CPU
		{06D35140-706A-40CE-9373-6B948F092A30}.Release|x64.Build.0 = Release|Any CPU
		{06D35140-706A-40CE-9373-6B948F092A30}.Release|x86.ActiveCfg = Release|Any CPU
		{06D35140-706A-40CE-9373-6B948F092A30}.Release|x86.Build.0 = Release|Any CPU
	EndGlobalSection
	GlobalSection(SolutionProperties) = preSolution
		HideSolutionNode = FALSE
	EndGlobalSection
	GlobalSection(ExtensibilityGlobals) = postSolution
		SolutionGuid = {BCBD6E9E-6744-43FD-A4BF-79CE55767E31}
	EndGlobalSection
EndGlobal
