Microsoft Visual Studio Solution File, Format Version 12.00
# Visual Studio Version 16
VisualStudioVersion = 16.0.30011.22
MinimumVisualStudioVersion = 10.0.40219.1
Project("{FAE04EC0-301F-11D3-BF4B-00C04F79EFBC}") = "ExtractorSharp", "ExtractorSharp\ExtractorSharp.csproj", "{37D3351F-80F8-4905-A06F-65C430EC5EE2}"
EndProject
Project("{FAE04EC0-301F-11D3-BF4B-00C04F79EFBC}") = "ExtractorSharp.Core", "ExtractorSharp.Core\ExtractorSharp.Core.csproj", "{09014DD5-3314-437E-BB2E-6FBD0D1E7864}"
EndProject
Project("{FAE04EC0-301F-11D3-BF4B-00C04F79EFBC}") = "ExtractorSharp.Json", "ExtractorSharp.Json\ExtractorSharp.Json.csproj", "{06D35140-706A-40CE-9373-6B948F092A30}"
EndProject
Project("{FAE04EC0-301F-11D3-BF4B-00C04F79EFBC}") = "ExtractorSharp.UnitTest", "ExtractorSharp.UnitTest\ExtractorSharp.UnitTest.csproj", "{DDD06F25-69C5-423B-B273-44FF069BF09B}"
EndProject
Project("{FAE04EC0-301F-11D3-BF4B-00C04F79EFBC}") = "ExtractorSharp.Plugins.Example", "ExtractorSharp.Plugins.Example\ExtractorSharp.Plugins.Example.csproj", "{A0233474-87EF-4388-8036-1E95422B32FF}"
EndProject
Project("{FAE04EC0-301F-11D3-BF4B-00C04F79EFBC}") = "ExtractorSharp.Services", "ExtractorSharp.Services\ExtractorSharp.Services.csproj", "{1592A00E-3EEB-4D78-876E-E4ED721DEEF3}"
EndProject
Project("{FAE04EC0-301F-11D3-BF4B-00C04F79EFBC}") = "ExtractorSharp.Modern", "ExtractorSharp.Modern\ExtractorSharp.Modern.csproj", "{33D02D1B-3506-47BA-9CF0-9F60BB6001C5}"
EndProject
Project("{FAE04EC0-301F-11D3-BF4B-00C04F79EFBC}") = "ExtractorSharp.Composition", "ExtractorSharp.Composition\ExtractorSharp.Composition.csproj", "{1F094AF0-2442-4E5C-8F80-B56DBA200D58}"
EndProject
Project("{2150E333-8FDC-42A3-9474-1A3956D46DE8}") = "Solution Items", "Solution Items", "{51B8073C-0CE1-4B2A-814B-94A4381003B8}"
	ProjectSection(SolutionItems) = preProject
		.editorconfig = .editorconfig
	EndProjectSection
EndProject
Global
	GlobalSection(SolutionConfigurationPlatforms) = preSolution
		Debug|Any CPU = Debug|Any CPU
		Debug|ARM = Debug|ARM
		Debug|x64 = Debug|x64
		Debug|x86 = Debug|x86
		Release|Any CPU = Release|Any CPU
		Release|ARM = Release|ARM
		Release|x64 = Release|x64
		Release|x86 = Release|x86
	EndGlobalSection
	GlobalSection(ProjectConfigurationPlatforms) = postSolution
		{37D3351F-80F8-4905-A06F-65C430EC5EE2}.Debug|Any CPU.ActiveCfg = Debug|Any CPU
		{37D3351F-80F8-4905-A06F-65C430EC5EE2}.Debug|Any CPU.Build.0 = Debug|Any CPU
		{37D3351F-80F8-4905-A06F-65C430EC5EE2}.Debug|ARM.ActiveCfg = Debug|Any CPU
		{37D3351F-80F8-4905-A06F-65C430EC5EE2}.Debug|ARM.Build.0 = Debug|Any CPU
		{37D3351F-80F8-4905-A06F-65C430EC5EE2}.Debug|x64.ActiveCfg = Debug|Any CPU
		{37D3351F-80F8-4905-A06F-65C430EC5EE2}.Debug|x64.Build.0 = Debug|Any CPU
		{37D3351F-80F8-4905-A06F-65C430EC5EE2}.Debug|x86.ActiveCfg = Debug|Any CPU
		{37D3351F-80F8-4905-A06F-65C430EC5EE2}.Debug|x86.Build.0 = Debug|Any CPU
		{37D3351F-80F8-4905-A06F-65C430EC5EE2}.Release|Any CPU.ActiveCfg = Release|Any CPU
		{37D3351F-80F8-4905-A06F-65C430EC5EE2}.Release|Any CPU.Build.0 = Release|Any CPU
		{37D3351F-80F8-4905-A06F-65C430EC5EE2}.Release|ARM.ActiveCfg = Release|Any CPU
		{37D3351F-80F8-4905-A06F-65C430EC5EE2}.Release|ARM.Build.0 = Release|Any CPU
		{37D3351F-80F8-4905-A06F-65C430EC5EE2}.Release|x64.ActiveCfg = Release|Any CPU
		{37D3351F-80F8-4905-A06F-65C430EC5EE2}.Release|x64.Build.0 = Release|Any CPU
		{37D3351F-80F8-4905-A06F-65C430EC5EE2}.Release|x86.ActiveCfg = Release|Any CPU
		{37D3351F-80F8-4905-A06F-65C430EC5EE2}.Release|x86.Build.0 = Release|Any CPU
		{09014DD5-3314-437E-BB2E-6FBD0D1E7864}.Debug|Any CPU.ActiveCfg = Debug|Any CPU
		{09014DD5-3314-437E-BB2E-6FBD0D1E7864}.Debug|Any CPU.Build.0 = Debug|Any CPU
		{09014DD5-3314-437E-BB2E-6FBD0D1E7864}.Debug|ARM.ActiveCfg = Debug|Any CPU
		{09014DD5-3314-437E-BB2E-6FBD0D1E7864}.Debug|ARM.Build.0 = Debug|Any CPU
		{09014DD5-3314-437E-BB2E-6FBD0D1E7864}.Debug|x64.ActiveCfg = Debug|Any CPU
		{09014DD5-3314-437E-BB2E-6FBD0D1E7864}.Debug|x64.Build.0 = Debug|Any CPU
		{09014DD5-3314-437E-BB2E-6FBD0D1E7864}.Debug|x86.ActiveCfg = Debug|Any CPU
		{09014DD5-3314-437E-BB2E-6FBD0D1E7864}.Debug|x86.Build.0 = Debug|Any CPU
		{09014DD5-3314-437E-BB2E-6FBD0D1E7864}.Release|Any CPU.ActiveCfg = Release|Any CPU
		{09014DD5-3314-437E-BB2E-6FBD0D1E7864}.Release|Any CPU.Build.0 = Release|Any CPU
		{09014DD5-3314-437E-BB2E-6FBD0D1E7864}.Release|ARM.ActiveCfg = Release|Any CPU
		{09014DD5-3314-437E-BB2E-6FBD0D1E7864}.Release|ARM.Build.0 = Release|Any CPU
		{09014DD5-3314-437E-BB2E-6FBD0D1E7864}.Release|x64.ActiveCfg = Release|Any CPU
		{09014DD5-3314-437E-BB2E-6FBD0D1E7864}.Release|x64.Build.0 = Release|Any CPU
		{09014DD5-3314-437E-BB2E-6FBD0D1E7864}.Release|x86.ActiveCfg = Release|Any CPU
		{09014DD5-3314-437E-BB2E-6FBD0D1E7864}.Release|x86.Build.0 = Release|Any CPU
		{06D35140-706A-40CE-9373-6B948F092A30}.Debug|Any CPU.ActiveCfg = Debug|Any CPU
		{06D35140-706A-40CE-9373-6B948F092A30}.Debug|Any CPU.Build.0 = Debug|Any CPU
		{06D35140-706A-40CE-9373-6B948F092A30}.Debug|ARM.ActiveCfg = Debug|Any CPU
		{06D35140-706A-40CE-9373-6B948F092A30}.Debug|ARM.Build.0 = Debug|Any CPU
		{06D35140-706A-40CE-9373-6B948F092A30}.Debug|x64.ActiveCfg = Debug|Any CPU
		{06D35140-706A-40CE-9373-6B948F092A30}.Debug|x64.Build.0 = Debug|Any CPU
		{06D35140-706A-40CE-9373-6B948F092A30}.Debug|x86.ActiveCfg = Debug|Any CPU
		{06D35140-706A-40CE-9373-6B948F092A30}.Debug|x86.Build.0 = Debug|Any CPU
		{06D35140-706A-40CE-9373-6B948F092A30}.Release|Any CPU.ActiveCfg = Release|Any CPU
		{06D35140-706A-40CE-9373-6B948F092A30}.Release|Any CPU.Build.0 = Release|Any CPU
		{06D35140-706A-40CE-9373-6B948F092A30}.Release|ARM.ActiveCfg = Release|Any CPU
		{06D35140-706A-40CE-9373-6B948F092A30}.Release|ARM.Build.0 = Release|Any CPU
		{06D35140-706A-40CE-9373-6B948F092A30}.Release|x64.ActiveCfg = Release|Any CPU
		{06D35140-706A-40CE-9373-6B948F092A30}.Release|x64.Build.0 = Release|Any CPU
		{06D35140-706A-40CE-9373-6B948F092A30}.Release|x86.ActiveCfg = Release|Any CPU
		{06D35140-706A-40CE-9373-6B948F092A30}.Release|x86.Build.0 = Release|Any CPU
		{DDD06F25-69C5-423B-B273-44FF069BF09B}.Debug|Any CPU.ActiveCfg = Debug|Any CPU
		{DDD06F25-69C5-423B-B273-44FF069BF09B}.Debug|Any CPU.Build.0 = Debug|Any CPU
		{DDD06F25-69C5-423B-B273-44FF069BF09B}.Debug|ARM.ActiveCfg = Debug|Any CPU
		{DDD06F25-69C5-423B-B273-44FF069BF09B}.Debug|ARM.Build.0 = Debug|Any CPU
		{DDD06F25-69C5-423B-B273-44FF069BF09B}.Debug|x64.ActiveCfg = Debug|Any CPU
		{DDD06F25-69C5-423B-B273-44FF069BF09B}.Debug|x64.Build.0 = Debug|Any CPU
		{DDD06F25-69C5-423B-B273-44FF069BF09B}.Debug|x86.ActiveCfg = Debug|Any CPU
		{DDD06F25-69C5-423B-B273-44FF069BF09B}.Debug|x86.Build.0 = Debug|Any CPU
		{DDD06F25-69C5-423B-B273-44FF069BF09B}.Release|Any CPU.ActiveCfg = Release|Any CPU
		{DDD06F25-69C5-423B-B273-44FF069BF09B}.Release|Any CPU.Build.0 = Release|Any CPU
		{DDD06F25-69C5-423B-B273-44FF069BF09B}.Release|ARM.ActiveCfg = Release|Any CPU
		{DDD06F25-69C5-423B-B273-44FF069BF09B}.Release|ARM.Build.0 = Release|Any CPU
		{DDD06F25-69C5-423B-B273-44FF069BF09B}.Release|x64.ActiveCfg = Release|Any CPU
		{DDD06F25-69C5-423B-B273-44FF069BF09B}.Release|x64.Build.0 = Release|Any CPU
		{DDD06F25-69C5-423B-B273-44FF069BF09B}.Release|x86.ActiveCfg = Release|Any CPU
		{DDD06F25-69C5-423B-B273-44FF069BF09B}.Release|x86.Build.0 = Release|Any CPU
		{A0233474-87EF-4388-8036-1E95422B32FF}.Debug|Any CPU.ActiveCfg = Debug|Any CPU
		{A0233474-87EF-4388-8036-1E95422B32FF}.Debug|Any CPU.Build.0 = Debug|Any CPU
		{A0233474-87EF-4388-8036-1E95422B32FF}.Debug|ARM.ActiveCfg = Debug|Any CPU
		{A0233474-87EF-4388-8036-1E95422B32FF}.Debug|ARM.Build.0 = Debug|Any CPU
		{A0233474-87EF-4388-8036-1E95422B32FF}.Debug|x64.ActiveCfg = Debug|Any CPU
		{A0233474-87EF-4388-8036-1E95422B32FF}.Debug|x64.Build.0 = Debug|Any CPU
		{A0233474-87EF-4388-8036-1E95422B32FF}.Debug|x86.ActiveCfg = Debug|Any CPU
		{A0233474-87EF-4388-8036-1E95422B32FF}.Debug|x86.Build.0 = Debug|Any CPU
		{A0233474-87EF-4388-8036-1E95422B32FF}.Release|Any CPU.ActiveCfg = Release|Any CPU
		{A0233474-87EF-4388-8036-1E95422B32FF}.Release|Any CPU.Build.0 = Release|Any CPU
		{A0233474-87EF-4388-8036-1E95422B32FF}.Release|ARM.ActiveCfg = Release|Any CPU
		{A0233474-87EF-4388-8036-1E95422B32FF}.Release|ARM.Build.0 = Release|Any CPU
		{A0233474-87EF-4388-8036-1E95422B32FF}.Release|x64.ActiveCfg = Release|Any CPU
		{A0233474-87EF-4388-8036-1E95422B32FF}.Release|x64.Build.0 = Release|Any CPU
		{A0233474-87EF-4388-8036-1E95422B32FF}.Release|x86.ActiveCfg = Release|Any CPU
		{A0233474-87EF-4388-8036-1E95422B32FF}.Release|x86.Build.0 = Release|Any CPU
		{1592A00E-3EEB-4D78-876E-E4ED721DEEF3}.Debug|Any CPU.ActiveCfg = Debug|Any CPU
		{1592A00E-3EEB-4D78-876E-E4ED721DEEF3}.Debug|Any CPU.Build.0 = Debug|Any CPU
		{1592A00E-3EEB-4D78-876E-E4ED721DEEF3}.Debug|ARM.ActiveCfg = Debug|Any CPU
		{1592A00E-3EEB-4D78-876E-E4ED721DEEF3}.Debug|ARM.Build.0 = Debug|Any CPU
		{1592A00E-3EEB-4D78-876E-E4ED721DEEF3}.Debug|x64.ActiveCfg = Debug|Any CPU
		{1592A00E-3EEB-4D78-876E-E4ED721DEEF3}.Debug|x64.Build.0 = Debug|Any CPU
		{1592A00E-3EEB-4D78-876E-E4ED721DEEF3}.Debug|x86.ActiveCfg = Debug|Any CPU
		{1592A00E-3EEB-4D78-876E-E4ED721DEEF3}.Debug|x86.Build.0 = Debug|Any CPU
		{1592A00E-3EEB-4D78-876E-E4ED721DEEF3}.Release|Any CPU.ActiveCfg = Release|Any CPU
		{1592A00E-3EEB-4D78-876E-E4ED721DEEF3}.Release|Any CPU.Build.0 = Release|Any CPU
		{1592A00E-3EEB-4D78-876E-E4ED721DEEF3}.Release|ARM.ActiveCfg = Release|Any CPU
		{1592A00E-3EEB-4D78-876E-E4ED721DEEF3}.Release|ARM.Build.0 = Release|Any CPU
		{1592A00E-3EEB-4D78-876E-E4ED721DEEF3}.Release|x64.ActiveCfg = Release|Any CPU
		{1592A00E-3EEB-4D78-876E-E4ED721DEEF3}.Release|x64.Build.0 = Release|Any CPU
		{1592A00E-3EEB-4D78-876E-E4ED721DEEF3}.Release|x86.ActiveCfg = Release|Any CPU
		{1592A00E-3EEB-4D78-876E-E4ED721DEEF3}.Release|x86.Build.0 = Release|Any CPU
		{33D02D1B-3506-47BA-9CF0-9F60BB6001C5}.Debug|Any CPU.ActiveCfg = Debug|Any CPU
		{33D02D1B-3506-47BA-9CF0-9F60BB6001C5}.Debug|Any CPU.Build.0 = Debug|Any CPU
		{33D02D1B-3506-47BA-9CF0-9F60BB6001C5}.Debug|ARM.ActiveCfg = Debug|Any CPU
		{33D02D1B-3506-47BA-9CF0-9F60BB6001C5}.Debug|ARM.Build.0 = Debug|Any CPU
		{33D02D1B-3506-47BA-9CF0-9F60BB6001C5}.Debug|x64.ActiveCfg = Debug|Any CPU
		{33D02D1B-3506-47BA-9CF0-9F60BB6001C5}.Debug|x64.Build.0 = Debug|Any CPU
		{33D02D1B-3506-47BA-9CF0-9F60BB6001C5}.Debug|x86.ActiveCfg = Debug|Any CPU
		{33D02D1B-3506-47BA-9CF0-9F60BB6001C5}.Debug|x86.Build.0 = Debug|Any CPU
		{33D02D1B-3506-47BA-9CF0-9F60BB6001C5}.Release|Any CPU.ActiveCfg = Release|Any CPU
		{33D02D1B-3506-47BA-9CF0-9F60BB6001C5}.Release|Any CPU.Build.0 = Release|Any CPU
		{33D02D1B-3506-47BA-9CF0-9F60BB6001C5}.Release|ARM.ActiveCfg = Release|Any CPU
		{33D02D1B-3506-47BA-9CF0-9F60BB6001C5}.Release|ARM.Build.0 = Release|Any CPU
		{33D02D1B-3506-47BA-9CF0-9F60BB6001C5}.Release|x64.ActiveCfg = Release|Any CPU
		{33D02D1B-3506-47BA-9CF0-9F60BB6001C5}.Release|x64.Build.0 = Release|Any CPU
		{33D02D1B-3506-47BA-9CF0-9F60BB6001C5}.Release|x86.ActiveCfg = Release|Any CPU
		{33D02D1B-3506-47BA-9CF0-9F60BB6001C5}.Release|x86.Build.0 = Release|Any CPU
		{1F094AF0-2442-4E5C-8F80-B56DBA200D58}.Debug|Any CPU.ActiveCfg = Debug|Any CPU
		{1F094AF0-2442-4E5C-8F80-B56DBA200D58}.Debug|Any CPU.Build.0 = Debug|Any CPU
		{1F094AF0-2442-4E5C-8F80-B56DBA200D58}.Debug|ARM.ActiveCfg = Debug|Any CPU
		{1F094AF0-2442-4E5C-8F80-B56DBA200D58}.Debug|ARM.Build.0 = Debug|Any CPU
		{1F094AF0-2442-4E5C-8F80-B56DBA200D58}.Debug|x64.ActiveCfg = Debug|Any CPU
		{1F094AF0-2442-4E5C-8F80-B56DBA200D58}.Debug|x64.Build.0 = Debug|Any CPU
		{1F094AF0-2442-4E5C-8F80-B56DBA200D58}.Debug|x86.ActiveCfg = Debug|Any CPU
		{1F094AF0-2442-4E5C-8F80-B56DBA200D58}.Debug|x86.Build.0 = Debug|Any CPU
		{1F094AF0-2442-4E5C-8F80-B56DBA200D58}.Release|Any CPU.ActiveCfg = Release|Any CPU
		{1F094AF0-2442-4E5C-8F80-B56DBA200D58}.Release|Any CPU.Build.0 = Release|Any CPU
		{1F094AF0-2442-4E5C-8F80-B56DBA200D58}.Release|ARM.ActiveCfg = Release|Any CPU
		{1F094AF0-2442-4E5C-8F80-B56DBA200D58}.Release|ARM.Build.0 = Release|Any CPU
		{1F094AF0-2442-4E5C-8F80-B56DBA200D58}.Release|x64.ActiveCfg = Release|Any CPU
		{1F094AF0-2442-4E5C-8F80-B56DBA200D58}.Release|x64.Build.0 = Release|Any CPU
		{1F094AF0-2442-4E5C-8F80-B56DBA200D58}.Release|x86.ActiveCfg = Release|Any CPU
		{1F094AF0-2442-4E5C-8F80-B56DBA200D58}.Release|x86.Build.0 = Release|Any CPU
	EndGlobalSection
	GlobalSection(SolutionProperties) = preSolution
		HideSolutionNode = FALSE
	EndGlobalSection
	GlobalSection(ExtensibilityGlobals) = postSolution
		SolutionGuid = {BCBD6E9E-6744-43FD-A4BF-79CE55767E31}
	EndGlobalSection
EndGlobal
